{
  "name": "shevchenko-microservice",
  "version": "0.0.0",
  "lockfileVersion": 1,
  "requires": true,
  "dependencies": {
    "shevchenko": {
      "version": "1.1.5",
      "resolved": "https://registry.npmjs.org/shevchenko/-/shevchenko-1.1.5.tgz",
      "integrity": "sha512-98T3EG5S2/JGWWwdfixDMO7v6RSHDzMGEMN7cBEzdgYs+Z8UO9BTqj7kZygU8aShv0QjBN8USzypbQw2vAlrVQ==",
      "requires": {
        "synaptic": "^1.1.4"
      }
    },
    "synaptic": {
      "version": "1.1.4",
      "resolved": "https://registry.npmjs.org/synaptic/-/synaptic-1.1.4.tgz",
      "integrity": "sha512-JFtU98VDFI0uBTowgySo+UUEkc7rSVHaxx9D6dR5BK6u81G7uAxcp32Gi2SHciLpFbvJVd1Pfz7aqSNQO4EH9Q=="
    }
  }
}
