{
  "name": "shevchenko-microservice",
  "version": "0.0.0",
  "lockfileVersion": 1,
  "requires": true,
  "dependencies": {
    "shevchenko": {
      "version": "1.1.6",
      "resolved": "https://registry.npmjs.org/shevchenko/-/shevchenko-1.1.6.tgz",
      "integrity": "sha512-04Bm7y7GhL17tFfUGNN0cN7gS6UOuSX2ZzR+fmJ++OIlgzVXqCUOFbcnO7vdmJ3NPHuTbYwYgKktCcAU5+m2ew==",
      "requires": {
        "synaptic": "1.1.4"
      }
    },
    "synaptic": {
      "version": "1.1.4",
      "resolved": "https://registry.npmjs.org/synaptic/-/synaptic-1.1.4.tgz",
      "integrity": "sha512-JFtU98VDFI0uBTowgySo+UUEkc7rSVHaxx9D6dR5BK6u81G7uAxcp32Gi2SHciLpFbvJVd1Pfz7aqSNQO4EH9Q=="
    }
  }
}
