{
  "name": "shevchenko-docs",
  "version": "0.0.0",
  "lockfileVersion": 1,
  "requires": true,
  "dependencies": {
    "debug": {
      "version": "4.1.1",
      "resolved": "https://registry.npmjs.org/debug/-/debug-4.1.1.tgz",
      "integrity": "sha512-pYAIzeRo8J6KPEaJ0VWOh5Pzkbw/RetuzehGM7QRRX5he4fPHx2rdKMB256ehJCkX+XRQm16eZLqLNS8RSZXZw==",
      "dev": true,
      "requires": {
        "ms": "^2.1.1"
      }
    },
    "dotenv": {
      "version": "8.2.0",
      "resolved": "https://registry.npmjs.org/dotenv/-/dotenv-8.2.0.tgz",
      "integrity": "sha512-8sJ78ElpbDJBHNeBzUbUVLsqKdccaa/BXF1uPTw3GrvQTBgrQrtObr2mUrE38vzYd8cEv+m/JBfDLioYcfXoaw==",
      "dev": true
    },
    "ejs": {
      "version": "3.0.2",
      "resolved": "https://registry.npmjs.org/ejs/-/ejs-3.0.2.tgz",
      "integrity": "sha512-IncmUpn1yN84hy2shb0POJ80FWrfGNY0cxO9f4v+/sG7qcBvAtVWUA1IdzY/8EYUmOVhoKJVdJjNd3AZcnxOjA==",
      "dev": true
    },
    "i18n": {
      "version": "0.9.0",
      "resolved": "https://registry.npmjs.org/i18n/-/i18n-0.9.0.tgz",
      "integrity": "sha512-/Sie5k0xz8VoB0dilo0OPJic5gukT6j+/24aprosU700iWgHcyP5GqDwgNuNscwK2YkGHRE3fO/wn5d2Nc7dBw==",
      "dev": true,
      "requires": {
        "debug": "*",
        "make-plural": "^6.0.1",
        "math-interval-parser": "^2.0.1",
        "messageformat": "^2.3.0",
        "mustache": "*",
        "sprintf-js": "^1.1.2"
      }
    },
    "make-plural": {
      "version": "6.2.1",
      "resolved": "https://registry.npmjs.org/make-plural/-/make-plural-6.2.1.tgz",
      "integrity": "sha512-AmkruwJ9EjvyTv6AM8MBMK3TAeOJvhgTv5YQXzF0EP2qawhpvMjDpHvsdOIIT0Vn+BB0+IogmYZ1z+Ulm/m0Fg==",
      "dev": true
    },
    "math-interval-parser": {
      "version": "2.0.1",
      "resolved": "https://registry.npmjs.org/math-interval-parser/-/math-interval-parser-2.0.1.tgz",
      "integrity": "sha512-VmlAmb0UJwlvMyx8iPhXUDnVW1F9IrGEd9CIOmv+XL8AErCUUuozoDMrgImvnYt2A+53qVX/tPW6YJurMKYsvA==",
      "dev": true
    },
    "messageformat": {
      "version": "2.3.0",
      "resolved": "https://registry.npmjs.org/messageformat/-/messageformat-2.3.0.tgz",
      "integrity": "sha512-uTzvsv0lTeQxYI2y1NPa1lItL5VRI8Gb93Y2K2ue5gBPyrbJxfDi/EYWxh2PKv5yO42AJeeqblS9MJSh/IEk4w==",
      "dev": true,
      "requires": {
        "make-plural": "^4.3.0",
        "messageformat-formatters": "^2.0.1",
        "messageformat-parser": "^4.1.2"
      },
      "dependencies": {
        "make-plural": {
          "version": "4.3.0",
          "resolved": "https://registry.npmjs.org/make-plural/-/make-plural-4.3.0.tgz",
          "integrity": "sha512-xTYd4JVHpSCW+aqDof6w/MebaMVNTVYBZhbB/vi513xXdiPT92JMVCo0Jq8W2UZnzYRFeVbQiQ+I25l13JuKvA==",
          "dev": true,
          "requires": {
            "minimist": "^1.2.0"
          }
        }
      }
    },
    "messageformat-formatters": {
      "version": "2.0.1",
      "resolved": "https://registry.npmjs.org/messageformat-formatters/-/messageformat-formatters-2.0.1.tgz",
      "integrity": "sha512-E/lQRXhtHwGuiQjI7qxkLp8AHbMD5r2217XNe/SREbBlSawe0lOqsFb7rflZJmlQFSULNLIqlcjjsCPlB3m3Mg==",
      "dev": true
    },
    "messageformat-parser": {
      "version": "4.1.3",
      "resolved": "https://registry.npmjs.org/messageformat-parser/-/messageformat-parser-4.1.3.tgz",
      "integrity": "sha512-2fU3XDCanRqeOCkn7R5zW5VQHWf+T3hH65SzuqRvjatBK7r4uyFa5mEX+k6F9Bd04LVM5G4/BHBTUJsOdW7uyg==",
      "dev": true
    },
    "minimist": {
      "version": "1.2.5",
      "resolved": "https://registry.npmjs.org/minimist/-/minimist-1.2.5.tgz",
      "integrity": "sha512-FM9nNUYrRBAELZQT3xeZQ7fmMOBg6nWNmJKTcgsJeaLstP/UODVpGsr5OhXhhXg6f+qtJ8uiZ+PUxkDWcgIXLw==",
      "dev": true,
      "optional": true
    },
    "ms": {
      "version": "2.1.2",
      "resolved": "https://registry.npmjs.org/ms/-/ms-2.1.2.tgz",
      "integrity": "sha512-sGkPx+VjMtmA6MX27oA4FBFELFCZZ4S4XqeGOXCv68tT+jb3vk/RyaKWP0PTKyWtmLSM0b+adUTEvbs1PEaH2w==",
      "dev": true
    },
    "mustache": {
      "version": "4.0.1",
      "resolved": "https://registry.npmjs.org/mustache/-/mustache-4.0.1.tgz",
      "integrity": "sha512-yL5VE97+OXn4+Er3THSmTdCFCtx5hHWzrolvH+JObZnUYwuaG7XV+Ch4fR2cIrcYI0tFHxS7iyFYl14bW8y2sA==",
      "dev": true
    },
    "sprintf-js": {
      "version": "1.1.2",
      "resolved": "https://registry.npmjs.org/sprintf-js/-/sprintf-js-1.1.2.tgz",
      "integrity": "sha512-VE0SOVEHCk7Qc8ulkWw3ntAzXuqf7S2lvwQaDLRnUeIEaKNQJzV6BwmLKhOqT61aGhfUMrXeaBk+oDGCzvhcug==",
      "dev": true
    }
  }
}
